// !$*UTF8*$!
{
	archiveVersion = 1;
	classes = {
	};
	objectVersion = 50;
	objects = {

/* Begin PBXBuildFile section */
		33B7466F25D2977400020778 /* devSlopesCourseApp.swift in Sources */ = {isa = PBXBuildFile; fileRef = 33B7465C25D2977200020778 /* devSlopesCourseApp.swift */; };
		33B7467025D2977400020778 /* devSlopesCourseApp.swift in Sources */ = {isa = PBXBuildFile; fileRef = 33B7465C25D2977200020778 /* devSlopesCourseApp.swift */; };
		33B7467125D2977400020778 /* ContentView.swift in Sources */ = {isa = PBXBuildFile; fileRef = 33B7465D25D2977200020778 /* ContentView.swift */; };
		33B7467225D2977400020778 /* ContentView.swift in Sources */ = {isa = PBXBuildFile; fileRef = 33B7465D25D2977200020778 /* ContentView.swift */; };
		33B7467325D2977400020778 /* Assets.xcassets in Resources */ = {isa = PBXBuildFile; fileRef = 33B7465E25D2977400020778 /* Assets.xcassets */; };
		33B7467425D2977400020778 /* Assets.xcassets in Resources */ = {isa = PBXBuildFile; fileRef = 33B7465E25D2977400020778 /* Assets.xcassets */; };
/* End PBXBuildFile section */

/* Begin PBXFileReference section */
		33B7465C25D2977200020778 /* devSlopesCourseApp.swift */ = {isa = PBXFileReference; lastKnownFileType = sourcecode.swift; path = devSlopesCourseApp.swift; sourceTree = "<group>"; };
		33B7465D25D2977200020778 /* ContentView.swift */ = {isa = PBXFileReference; lastKnownFileType = sourcecode.swift; path = ContentView.swift; sourceTree = "<group>"; };
		33B7465E25D2977400020778 /* Assets.xcassets */ = {isa = PBXFileReference; lastKnownFileType = folder.assetcatalog; path = Assets.xcassets; sourceTree = "<group>"; };
		33B7466325D2977400020778 /* devSlopesCourse.app */ = {isa = PBXFileReference; explicitFileType = wrapper.application; includeInIndex = 0; path = devSlopesCourse.app; sourceTree = BUILT_PRODUCTS_DIR; };
		33B7466625D2977400020778 /* Info.plist */ = {isa = PBXFileReference; lastKnownFileType = text.plist.xml; path = Info.plist; sourceTree = "<group>"; };
		33B7466B25D2977400020778 /* devSlopesCourse.app */ = {isa = PBXFileReference; explicitFileType = wrapper.application; includeInIndex = 0; path = devSlopesCourse.app; sourceTree = BUILT_PRODUCTS_DIR; };
		33B7466D25D2977400020778 /* Info.plist */ = {isa = PBXFileReference; lastKnownFileType = text.plist.xml; path = Info.plist; sourceTree = "<group>"; };
		33B7466E25D2977400020778 /* macOS.entitlements */ = {isa = PBXFileReference; lastKnownFileType = text.plist.entitlements; path = macOS.entitlements; sourceTree = "<group>"; };
/* End PBXFileReference section */

/* Begin PBXFrameworksBuildPhase section */
		33B7466025D2977400020778 /* Frameworks */ = {
			isa = PBXFrameworksBuildPhase;
			buildActionMask = 2147483647;
			files = (
			);
			runOnlyForDeploymentPostprocessing = 0;
		};
		33B7466825D2977400020778 /* Frameworks */ = {
			isa = PBXFrameworksBuildPhase;
			buildActionMask = 2147483647;
			files = (
			);
			runOnlyForDeploymentPostprocessing = 0;
		};
/* End PBXFrameworksBuildPhase section */

/* Begin PBXGroup section */
		33B7465625D2977200020778 = {
			isa = PBXGroup;
			children = (
				33B7465B25D2977200020778 /* Shared */,
				33B7466525D2977400020778 /* iOS */,
				33B7466C25D2977400020778 /* macOS */,
				33B7466425D2977400020778 /* Products */,
			);
			sourceTree = "<group>";
		};
		33B7465B25D2977200020778 /* Shared */ = {
			isa = PBXGroup;
			children = (
				33B7465C25D2977200020778 /* devSlopesCourseApp.swift */,
				33B7465D25D2977200020778 /* ContentView.swift */,
				33B7465E25D2977400020778 /* Assets.xcassets */,
			);
			path = Shared;
			sourceTree = "<group>";
		};
		33B7466425D2977400020778 /* Products */ = {
			isa = PBXGroup;
			children = (
				33B7466325D2977400020778 /* devSlopesCourse.app */,
				33B7466B25D2977400020778 /* devSlopesCourse.app */,
			);
			name = Products;
			sourceTree = "<group>";
		};
		33B7466525D2977400020778 /* iOS */ = {
			isa = PBXGroup;
			children = (
				33B7466625D2977400020778 /* Info.plist */,
			);
			path = iOS;
			sourceTree = "<group>";
		};
		33B7466C25D2977400020778 /* macOS */ = {
			isa = PBXGroup;
			children = (
				33B7466D25D2977400020778 /* Info.plist */,
				33B7466E25D2977400020778 /* macOS.entitlements */,
			);
			path = macOS;
			sourceTree = "<group>";
		};
/* End PBXGroup section */

/* Begin PBXNativeTarget section */
		33B7466225D2977400020778 /* devSlopesCourse (iOS) */ = {
			isa = PBXNativeTarget;
			buildConfigurationList = 33B7467725D2977400020778 /* Build configuration list for PBXNativeTarget "devSlopesCourse (iOS)" */;
			buildPhases = (
				33B7465F25D2977400020778 /* Sources */,
				33B7466025D2977400020778 /* Frameworks */,
				33B7466125D2977400020778 /* Resources */,
			);
			buildRules = (
			);
			dependencies = (
			);
			name = "devSlopesCourse (iOS)";
			productName = "devSlopesCourse (iOS)";
			productReference = 33B7466325D2977400020778 /* devSlopesCourse.app */;
			productType = "com.apple.product-type.application";
		};
		33B7466A25D2977400020778 /* devSlopesCourse (macOS) */ = {
			isa = PBXNativeTarget;
			buildConfigurationList = 33B7467A25D2977400020778 /* Build configuration list for PBXNativeTarget "devSlopesCourse (macOS)" */;
			buildPhases = (
				33B7466725D2977400020778 /* Sources */,
				33B7466825D2977400020778 /* Frameworks */,
				33B7466925D2977400020778 /* Resources */,
			);
			buildRules = (
			);
			dependencies = (
			);
			name = "devSlopesCourse (macOS)";
			productName = "devSlopesCourse (macOS)";
			productReference = 33B7466B25D2977400020778 /* devSlopesCourse.app */;
			productType = "com.apple.product-type.application";
		};
/* End PBXNativeTarget section */

/* Begin PBXProject section */
		33B7465725D2977200020778 /* Project object */ = {
			isa = PBXProject;
			attributes = {
				LastSwiftUpdateCheck = 1220;
				LastUpgradeCheck = 1220;
				TargetAttributes = {
					33B7466225D2977400020778 = {
						CreatedOnToolsVersion = 12.2;
					};
					33B7466A25D2977400020778 = {
						CreatedOnToolsVersion = 12.2;
					};
				};
			};
			buildConfigurationList = 33B7465A25D2977200020778 /* Build configuration list for PBXProject "devSlopesCourse" */;
			compatibilityVersion = "Xcode 9.3";
			developmentRegion = en;
			hasScannedForEncodings = 0;
			knownRegions = (
				en,
				Base,
			);
			mainGroup = 33B7465625D2977200020778;
			productRefGroup = 33B7466425D2977400020778 /* Products */;
			projectDirPath = "";
			projectRoot = "";
			targets = (
				33B7466225D2977400020778 /* devSlopesCourse (iOS) */,
				33B7466A25D2977400020778 /* devSlopesCourse (macOS) */,
			);
		};
/* End PBXProject section */

/* Begin PBXResourcesBuildPhase section */
		33B7466125D2977400020778 /* Resources */ = {
			isa = PBXResourcesBuildPhase;
			buildActionMask = 2147483647;
			files = (
				33B7467325D2977400020778 /* Assets.xcassets in Resources */,
			);
			runOnlyForDeploymentPostprocessing = 0;
		};
		33B7466925D2977400020778 /* Resources */ = {
			isa = PBXResourcesBuildPhase;
			buildActionMask = 2147483647;
			files = (
				33B7467425D2977400020778 /* Assets.xcassets in Resources */,
			);
			runOnlyForDeploymentPostprocessing = 0;
		};
/* End PBXResourcesBuildPhase section */

/* Begin PBXSourcesBuildPhase section */
		33B7465F25D2977400020778 /* Sources */ = {
			isa = PBXSourcesBuildPhase;
			buildActionMask = 2147483647;
			files = (
				33B7467125D2977400020778 /* ContentView.swift in Sources */,
				33B7466F25D2977400020778 /* devSlopesCourseApp.swift in Sources */,
			);
			runOnlyForDeploymentPostprocessing = 0;
		};
		33B7466725D2977400020778 /* Sources */ = {
			isa = PBXSourcesBuildPhase;
			buildActionMask = 2147483647;
			files = (
				33B7467225D2977400020778 /* ContentView.swift in Sources */,
				33B7467025D2977400020778 /* devSlopesCourseApp.swift in Sources */,
			);
			runOnlyForDeploymentPostprocessing = 0;
		};
/* End PBXSourcesBuildPhase section */

/* Begin XCBuildConfiguration section */
		33B7467525D2977400020778 /* Debug */ = {
			isa = XCBuildConfiguration;
			buildSettings = {
				ALWAYS_SEARCH_USER_PATHS = NO;
				CLANG_ANALYZER_NONNULL = YES;
				CLANG_ANALYZER_NUMBER_OBJECT_CONVERSION = YES_AGGRESSIVE;
				CLANG_CXX_LANGUAGE_STANDARD = "gnu++14";
				CLANG_CXX_LIBRARY = "libc++";
				CLANG_ENABLE_MODULES = YES;
				CLANG_ENABLE_OBJC_ARC = YES;
				CLANG_ENABLE_OBJC_WEAK = YES;
				CLANG_WARN_BLOCK_CAPTURE_AUTORELEASING = YES;
				CLANG_WARN_BOOL_CONVERSION = YES;
				CLANG_WARN_COMMA = YES;
				CLANG_WARN_CONSTANT_CONVERSION = YES;
				CLANG_WARN_DEPRECATED_OBJC_IMPLEMENTATIONS = YES;
				CLANG_WARN_DIRECT_OBJC_ISA_USAGE = YES_ERROR;
				CLANG_WARN_DOCUMENTATION_COMMENTS = YES;
				CLANG_WARN_EMPTY_BODY = YES;
				CLANG_WARN_ENUM_CONVERSION = YES;
				CLANG_WARN_INFINITE_RECURSION = YES;
				CLANG_WARN_INT_CONVERSION = YES;
				CLANG_WARN_NON_LITERAL_NULL_CONVERSION = YES;
				CLANG_WARN_OBJC_IMPLICIT_RETAIN_SELF = YES;
				CLANG_WARN_OBJC_LITERAL_CONVERSION = YES;
				CLANG_WARN_OBJC_ROOT_CLASS = YES_ERROR;
				CLANG_WARN_QUOTED_INCLUDE_IN_FRAMEWORK_HEADER = YES;
				CLANG_WARN_RANGE_LOOP_ANALYSIS = YES;
				CLANG_WARN_STRICT_PROTOTYPES = YES;
				CLANG_WARN_SUSPICIOUS_MOVE = YES;
				CLANG_WARN_UNGUARDED_AVAILABILITY = YES_AGGRESSIVE;
				CLANG_WARN_UNREACHABLE_CODE = YES;
				CLANG_WARN__DUPLICATE_METHOD_MATCH = YES;
				COPY_PHASE_STRIP = NO;
				DEBUG_INFORMATION_FORMAT = dwarf;
				ENABLE_STRICT_OBJC_MSGSEND = YES;
				ENABLE_TESTABILITY = YES;
				GCC_C_LANGUAGE_STANDARD = gnu11;
				GCC_DYNAMIC_NO_PIC = NO;
				GCC_NO_COMMON_BLOCKS = YES;
				GCC_OPTIMIZATION_LEVEL = 0;
				GCC_PREPROCESSOR_DEFINITIONS = (
					"DEBUG=1",
					"$(inherited)",
				);
				GCC_WARN_64_TO_32_BIT_CONVERSION = YES;
				GCC_WARN_ABOUT_RETURN_TYPE = YES_ERROR;
				GCC_WARN_UNDECLARED_SELECTOR = YES;
				GCC_WARN_UNINITIALIZED_AUTOS = YES_AGGRESSIVE;
				GCC_WARN_UNUSED_FUNCTION = YES;
				GCC_WARN_UNUSED_VARIABLE = YES;
				MTL_ENABLE_DEBUG_INFO = INCLUDE_SOURCE;
				MTL_FAST_MATH = YES;
				ONLY_ACTIVE_ARCH = YES;
				SWIFT_ACTIVE_COMPILATION_CONDITIONS = DEBUG;
				SWIFT_OPTIMIZATION_LEVEL = "-Onone";
			};
			name = Debug;
		};
		33B7467625D2977400020778 /* Release */ = {
			isa = XCBuildConfiguration;
			buildSettings = {
				ALWAYS_SEARCH_USER_PATHS = NO;
				CLANG_ANALYZER_NONNULL = YES;
				CLANG_ANALYZER_NUMBER_OBJECT_CONVERSION = YES_AGGRESSIVE;
				CLANG_CXX_LANGUAGE_STANDARD = "gnu++14";
				CLANG_CXX_LIBRARY = "libc++";
				CLANG_ENABLE_MODULES = YES;
				CLANG_ENABLE_OBJC_ARC = YES;
				CLANG_ENABLE_OBJC_WEAK = YES;
				CLANG_WARN_BLOCK_CAPTURE_AUTORELEASING = YES;
				CLANG_WARN_BOOL_CONVERSION = YES;
				CLANG_WARN_COMMA = YES;
				CLANG_WARN_CONSTANT_CONVERSION = YES;
				CLANG_WARN_DEPRECATED_OBJC_IMPLEMENTATIONS = YES;
				CLANG_WARN_DIRECT_OBJC_ISA_USAGE = YES_ERROR;
				CLANG_WARN_DOCUMENTATION_COMMENTS = YES;
				CLANG_WARN_EMPTY_BODY = YES;
				CLANG_WARN_ENUM_CONVERSION = YES;
				CLANG_WARN_INFINITE_RECURSION = YES;
				CLANG_WARN_INT_CONVERSION = YES;
				CLANG_WARN_NON_LITERAL_NULL_CONVERSION = YES;
				CLANG_WARN_OBJC_IMPLICIT_RETAIN_SELF = YES;
				CLANG_WARN_OBJC_LITERAL_CONVERSION = YES;
				CLANG_WARN_OBJC_ROOT_CLASS = YES_ERROR;
				CLANG_WARN_QUOTED_INCLUDE_IN_FRAMEWORK_HEADER = YES;
				CLANG_WARN_RANGE_LOOP_ANALYSIS = YES;
				CLANG_WARN_STRICT_PROTOTYPES = YES;
				CLANG_WARN_SUSPICIOUS_MOVE = YES;
				CLANG_WARN_UNGUARDED_AVAILABILITY = YES_AGGRESSIVE;
				CLANG_WARN_UNREACHABLE_CODE = YES;
				CLANG_WARN__DUPLICATE_METHOD_MATCH = YES;
				COPY_PHASE_STRIP = NO;
				DEBUG_INFORMATION_FORMAT = "dwarf-with-dsym";
				ENABLE_NS_ASSERTIONS = NO;
				ENABLE_STRICT_OBJC_MSGSEND = YES;
				GCC_C_LANGUAGE_STANDARD = gnu11;
				GCC_NO_COMMON_BLOCKS = YES;
				GCC_WARN_64_TO_32_BIT_CONVERSION = YES;
				GCC_WARN_ABOUT_RETURN_TYPE = YES_ERROR;
				GCC_WARN_UNDECLARED_SELECTOR = YES;
				GCC_WARN_UNINITIALIZED_AUTOS = YES_AGGRESSIVE;
				GCC_WARN_UNUSED_FUNCTION = YES;
				GCC_WARN_UNUSED_VARIABLE = YES;
				MTL_ENABLE_DEBUG_INFO = NO;
				MTL_FAST_MATH = YES;
				SWIFT_COMPILATION_MODE = wholemodule;
				SWIFT_OPTIMIZATION_LEVEL = "-O";
			};
			name = Release;
		};
		33B7467825D2977400020778 /* Debug */ = {
			isa = XCBuildConfiguration;
			buildSettings = {
				ASSETCATALOG_COMPILER_APPICON_NAME = AppIcon;
				ASSETCATALOG_COMPILER_GLOBAL_ACCENT_COLOR_NAME = AccentColor;
				CODE_SIGN_STYLE = Automatic;
				ENABLE_PREVIEWS = YES;
				INFOPLIST_FILE = iOS/Info.plist;
				IPHONEOS_DEPLOYMENT_TARGET = 14.0;
				LD_RUNPATH_SEARCH_PATHS = (
					"$(inherited)",
					"@executable_path/Frameworks",
				);
				PRODUCT_BUNDLE_IDENTIFIER = devSlopes.devSlopesCourse;
				PRODUCT_NAME = devSlopesCourse;
				SDKROOT = iphoneos;
				SWIFT_VERSION = 5.0;
				TARGETED_DEVICE_FAMILY = "1,2";
			};
			name = Debug;
		};
		33B7467925D2977400020778 /* Release */ = {
			isa = XCBuildConfiguration;
			buildSettings = {
				ASSETCATALOG_COMPILER_APPICON_NAME = AppIcon;
				ASSETCATALOG_COMPILER_GLOBAL_ACCENT_COLOR_NAME = AccentColor;
				CODE_SIGN_STYLE = Automatic;
				ENABLE_PREVIEWS = YES;
				INFOPLIST_FILE = iOS/Info.plist;
				IPHONEOS_DEPLOYMENT_TARGET = 14.0;
				LD_RUNPATH_SEARCH_PATHS = (
					"$(inherited)",
					"@executable_path/Frameworks",
				);
				PRODUCT_BUNDLE_IDENTIFIER = devSlopes.devSlopesCourse;
				PRODUCT_NAME = devSlopesCourse;
				SDKROOT = iphoneos;
				SWIFT_VERSION = 5.0;
				TARGETED_DEVICE_FAMILY = "1,2";
				VALIDATE_PRODUCT = YES;
			};
			name = Release;
		};
		33B7467B25D2977400020778 /* Debug */ = {
			isa = XCBuildConfiguration;
			buildSettings = {
				ASSETCATALOG_COMPILER_APPICON_NAME = AppIcon;
				ASSETCATALOG_COMPILER_GLOBAL_ACCENT_COLOR_NAME = AccentColor;
				CODE_SIGN_ENTITLEMENTS = macOS/macOS.entitlements;
				CODE_SIGN_STYLE = Automatic;
				COMBINE_HIDPI_IMAGES = YES;
				ENABLE_PREVIEWS = YES;
				INFOPLIST_FILE = macOS/Info.plist;
				LD_RUNPATH_SEARCH_PATHS = (
					"$(inherited)",
					"@executable_path/../Frameworks",
				);
				MACOSX_DEPLOYMENT_TARGET = 11.0;
				PRODUCT_BUNDLE_IDENTIFIER = devSlopes.devSlopesCourse;
				PRODUCT_NAME = devSlopesCourse;
				SDKROOT = macosx;
				SWIFT_VERSION = 5.0;
			};
			name = Debug;
		};
		33B7467C25D2977400020778 /* Release */ = {
			isa = XCBuildConfiguration;
			buildSettings = {
				ASSETCATALOG_COMPILER_APPICON_NAME = AppIcon;
				ASSETCATALOG_COMPILER_GLOBAL_ACCENT_COLOR_NAME = AccentColor;
				CODE_SIGN_ENTITLEMENTS = macOS/macOS.entitlements;
				CODE_SIGN_STYLE = Automatic;
				COMBINE_HIDPI_IMAGES = YES;
				ENABLE_PREVIEWS = YES;
				INFOPLIST_FILE = macOS/Info.plist;
				LD_RUNPATH_SEARCH_PATHS = (
					"$(inherited)",
					"@executable_path/../Frameworks",
				);
				MACOSX_DEPLOYMENT_TARGET = 11.0;
				PRODUCT_BUNDLE_IDENTIFIER = devSlopes.devSlopesCourse;
				PRODUCT_NAME = devSlopesCourse;
				SDKROOT = macosx;
				SWIFT_VERSION = 5.0;
			};
			name = Release;
		};
/* End XCBuildConfiguration section */

/* Begin XCConfigurationList section */
		33B7465A25D2977200020778 /* Build configuration list for PBXProject "devSlopesCourse" */ = {
			isa = XCConfigurationList;
			buildConfigurations = (
				33B7467525D2977400020778 /* Debug */,
				33B7467625D2977400020778 /* Release */,
			);
			defaultConfigurationIsVisible = 0;
			defaultConfigurationName = Release;
		};
		33B7467725D2977400020778 /* Build configuration list for PBXNativeTarget "devSlopesCourse (iOS)" */ = {
			isa = XCConfigurationList;
			buildConfigurations = (
				33B7467825D2977400020778 /* Debug */,
				33B7467925D2977400020778 /* Release */,
			);
			defaultConfigurationIsVisible = 0;
			defaultConfigurationName = Release;
		};
		33B7467A25D2977400020778 /* Build configuration list for PBXNativeTarget "devSlopesCourse (macOS)" */ = {
			isa = XCConfigurationList;
			buildConfigurations = (
				33B7467B25D2977400020778 /* Debug */,
				33B7467C25D2977400020778 /* Release */,
			);
			defaultConfigurationIsVisible = 0;
			defaultConfigurationName = Release;
		};
/* End XCConfigurationList section */
	};
	rootObject = 33B7465725D2977200020778 /* Project object */;
}
